
Microsoft Visual Studio Solution File, Format Version 12.00
# Visual Studio 15
VisualStudioVersion = 15.0.28307.421
MinimumVisualStudioVersion = 10.0.40219.1
Project("{FAE04EC0-301F-11D3-BF4B-00C04F79EFBC}") = "AdoAssignment", "AdoAssignment\AdoAssignment.csproj", "{1FD41D55-CB39-4188-9689-D2A91541531A}"
EndProject
Global
	GlobalSection(SolutionConfigurationPlatforms) = preSolution
		Debug|Any CPU = Debug|Any CPU
		Release|Any CPU = Release|Any CPU
	EndGlobalSection
	GlobalSection(ProjectConfigurationPlatforms) = postSolution
		{1FD41D55-CB39-4188-9689-D2A91541531A}.Debug|Any CPU.ActiveCfg = Debug|Any CPU
		{1FD41D55-CB39-4188-9689-D2A91541531A}.Debug|Any CPU.Build.0 = Debug|Any CPU
		{1FD41D55-CB39-4188-9689-D2A91541531A}.Release|Any CPU.ActiveCfg = Release|Any CPU
		{1FD41D55-CB39-4188-9689-D2A91541531A}.Release|Any CPU.Build.0 = Release|Any CPU
	EndGlobalSection
	GlobalSection(SolutionProperties) = preSolution
		HideSolutionNode = FALSE
	EndGlobalSection
	GlobalSection(ExtensibilityGlobals) = postSolution
		SolutionGuid = {7763AE34-4B43-45F9-932B-67239FFADD75}
	EndGlobalSection
EndGlobal
